// !$*UTF8*$!
{
	archiveVersion = 1;
	classes = {
	};
	objectVersion = 50;
	objects = {

/* Begin PBXBuildFile section */
		7D8DB32726CA2FE800E64A00 /* Notes WatchKit App.app in Embed Watch Content */ = {isa = PBXBuildFile; fileRef = 7D8DB32626CA2FE800E64A00 /* Notes WatchKit App.app */; settings = {ATTRIBUTES = (RemoveHeadersOnCopy, ); }; };
		7D8DB32C26CA2FEB00E64A00 /* Assets.xcassets in Resources */ = {isa = PBXBuildFile; fileRef = 7D8DB32B26CA2FEB00E64A00 /* Assets.xcassets */; };
		7D8DB33326CA2FEC00E64A00 /* Notes WatchKit Extension.appex in Embed App Extensions */ = {isa = PBXBuildFile; fileRef = 7D8DB33226CA2FEC00E64A00 /* Notes WatchKit Extension.appex */; settings = {ATTRIBUTES = (RemoveHeadersOnCopy, ); }; };
		7D8DB33826CA2FEC00E64A00 /* ContentView.swift in Sources */ = {isa = PBXBuildFile; fileRef = 7D8DB33726CA2FEC00E64A00 /* ContentView.swift */; };
		7D8DB33A26CA2FEC00E64A00 /* NotesApp.swift in Sources */ = {isa = PBXBuildFile; fileRef = 7D8DB33926CA2FEC00E64A00 /* NotesApp.swift */; };
		7D8DB33C26CA2FEC00E64A00 /* ComplicationController.swift in Sources */ = {isa = PBXBuildFile; fileRef = 7D8DB33B26CA2FEC00E64A00 /* ComplicationController.swift */; };
		7D8DB33E26CA2FEC00E64A00 /* Assets.xcassets in Resources */ = {isa = PBXBuildFile; fileRef = 7D8DB33D26CA2FEC00E64A00 /* Assets.xcassets */; };
		7D8DB34126CA2FEC00E64A00 /* Preview Assets.xcassets in Resources */ = {isa = PBXBuildFile; fileRef = 7D8DB34026CA2FEC00E64A00 /* Preview Assets.xcassets */; };
		7D8DB35D26CA329A00E64A00 /* Note.swift in Sources */ = {isa = PBXBuildFile; fileRef = 7D8DB35C26CA329A00E64A00 /* Note.swift */; };
/* End PBXBuildFile section */

/* Begin PBXContainerItemProxy section */
		7D8DB32826CA2FE800E64A00 /* PBXContainerItemProxy */ = {
			isa = PBXContainerItemProxy;
			containerPortal = 7D8DB31C26CA2FE800E64A00 /* Project object */;
			proxyType = 1;
			remoteGlobalIDString = 7D8DB32526CA2FE800E64A00;
			remoteInfo = "Notes WatchKit App";
		};
		7D8DB33426CA2FEC00E64A00 /* PBXContainerItemProxy */ = {
			isa = PBXContainerItemProxy;
			containerPortal = 7D8DB31C26CA2FE800E64A00 /* Project object */;
			proxyType = 1;
			remoteGlobalIDString = 7D8DB33126CA2FEC00E64A00;
			remoteInfo = "Notes WatchKit Extension";
		};
/* End PBXContainerItemProxy section */

/* Begin PBXCopyFilesBuildPhase section */
		7D8DB34826CA2FEC00E64A00 /* Embed App Extensions */ = {
			isa = PBXCopyFilesBuildPhase;
			buildActionMask = 2147483647;
			dstPath = "";
			dstSubfolderSpec = 13;
			files = (
				7D8DB33326CA2FEC00E64A00 /* Notes WatchKit Extension.appex in Embed App Extensions */,
			);
			name = "Embed App Extensions";
			runOnlyForDeploymentPostprocessing = 0;
		};
		7D8DB34C26CA2FEC00E64A00 /* Embed Watch Content */ = {
			isa = PBXCopyFilesBuildPhase;
			buildActionMask = 2147483647;
			dstPath = "$(CONTENTS_FOLDER_PATH)/Watch";
			dstSubfolderSpec = 16;
			files = (
				7D8DB32726CA2FE800E64A00 /* Notes WatchKit App.app in Embed Watch Content */,
			);
			name = "Embed Watch Content";
			runOnlyForDeploymentPostprocessing = 0;
		};
/* End PBXCopyFilesBuildPhase section */

/* Begin PBXFileReference section */
		7D8DB32226CA2FE800E64A00 /* Notes.app */ = {isa = PBXFileReference; explicitFileType = wrapper.application; includeInIndex = 0; path = Notes.app; sourceTree = BUILT_PRODUCTS_DIR; };
		7D8DB32626CA2FE800E64A00 /* Notes WatchKit App.app */ = {isa = PBXFileReference; explicitFileType = wrapper.application; includeInIndex = 0; path = "Notes WatchKit App.app"; sourceTree = BUILT_PRODUCTS_DIR; };
		7D8DB32B26CA2FEB00E64A00 /* Assets.xcassets */ = {isa = PBXFileReference; lastKnownFileType = folder.assetcatalog; path = Assets.xcassets; sourceTree = "<group>"; };
		7D8DB32D26CA2FEB00E64A00 /* Info.plist */ = {isa = PBXFileReference; lastKnownFileType = text.plist.xml; path = Info.plist; sourceTree = "<group>"; };
		7D8DB33226CA2FEC00E64A00 /* Notes WatchKit Extension.appex */ = {isa = PBXFileReference; explicitFileType = "wrapper.app-extension"; includeInIndex = 0; path = "Notes WatchKit Extension.appex"; sourceTree = BUILT_PRODUCTS_DIR; };
		7D8DB33726CA2FEC00E64A00 /* ContentView.swift */ = {isa = PBXFileReference; lastKnownFileType = sourcecode.swift; path = ContentView.swift; sourceTree = "<group>"; };
		7D8DB33926CA2FEC00E64A00 /* NotesApp.swift */ = {isa = PBXFileReference; lastKnownFileType = sourcecode.swift; path = NotesApp.swift; sourceTree = "<group>"; };
		7D8DB33B26CA2FEC00E64A00 /* ComplicationController.swift */ = {isa = PBXFileReference; lastKnownFileType = sourcecode.swift; path = ComplicationController.swift; sourceTree = "<group>"; };
		7D8DB33D26CA2FEC00E64A00 /* Assets.xcassets */ = {isa = PBXFileReference; lastKnownFileType = folder.assetcatalog; path = Assets.xcassets; sourceTree = "<group>"; };
		7D8DB34026CA2FEC00E64A00 /* Preview Assets.xcassets */ = {isa = PBXFileReference; lastKnownFileType = folder.assetcatalog; path = "Preview Assets.xcassets"; sourceTree = "<group>"; };
		7D8DB34226CA2FEC00E64A00 /* Info.plist */ = {isa = PBXFileReference; lastKnownFileType = text.plist.xml; path = Info.plist; sourceTree = "<group>"; };
		7D8DB35C26CA329A00E64A00 /* Note.swift */ = {isa = PBXFileReference; lastKnownFileType = sourcecode.swift; path = Note.swift; sourceTree = "<group>"; };
/* End PBXFileReference section */

/* Begin PBXFrameworksBuildPhase section */
		7D8DB32F26CA2FEC00E64A00 /* Frameworks */ = {
			isa = PBXFrameworksBuildPhase;
			buildActionMask = 2147483647;
			files = (
			);
			runOnlyForDeploymentPostprocessing = 0;
		};
/* End PBXFrameworksBuildPhase section */

/* Begin PBXGroup section */
		7D8DB31B26CA2FE800E64A00 = {
			isa = PBXGroup;
			children = (
				7D8DB32A26CA2FE800E64A00 /* Notes WatchKit App */,
				7D8DB33626CA2FEC00E64A00 /* Notes WatchKit Extension */,
				7D8DB32326CA2FE800E64A00 /* Products */,
			);
			sourceTree = "<group>";
		};
		7D8DB32326CA2FE800E64A00 /* Products */ = {
			isa = PBXGroup;
			children = (
				7D8DB32226CA2FE800E64A00 /* Notes.app */,
				7D8DB32626CA2FE800E64A00 /* Notes WatchKit App.app */,
				7D8DB33226CA2FEC00E64A00 /* Notes WatchKit Extension.appex */,
			);
			name = Products;
			sourceTree = "<group>";
		};
		7D8DB32A26CA2FE800E64A00 /* Notes WatchKit App */ = {
			isa = PBXGroup;
			children = (
				7D8DB32B26CA2FEB00E64A00 /* Assets.xcassets */,
				7D8DB32D26CA2FEB00E64A00 /* Info.plist */,
			);
			path = "Notes WatchKit App";
			sourceTree = "<group>";
		};
		7D8DB33626CA2FEC00E64A00 /* Notes WatchKit Extension */ = {
			isa = PBXGroup;
			children = (
				7D8DB35B26CA327A00E64A00 /* Model */,
				7D8DB35726CA326500E64A00 /* View */,
				7D8DB33926CA2FEC00E64A00 /* NotesApp.swift */,
				7D8DB33B26CA2FEC00E64A00 /* ComplicationController.swift */,
				7D8DB33D26CA2FEC00E64A00 /* Assets.xcassets */,
				7D8DB34226CA2FEC00E64A00 /* Info.plist */,
				7D8DB33F26CA2FEC00E64A00 /* Preview Content */,
			);
			path = "Notes WatchKit Extension";
			sourceTree = "<group>";
		};
		7D8DB33F26CA2FEC00E64A00 /* Preview Content */ = {
			isa = PBXGroup;
			children = (
				7D8DB34026CA2FEC00E64A00 /* Preview Assets.xcassets */,
			);
			path = "Preview Content";
			sourceTree = "<group>";
		};
		7D8DB35726CA326500E64A00 /* View */ = {
			isa = PBXGroup;
			children = (
				7D8DB33726CA2FEC00E64A00 /* ContentView.swift */,
			);
			path = View;
			sourceTree = "<group>";
		};
		7D8DB35B26CA327A00E64A00 /* Model */ = {
			isa = PBXGroup;
			children = (
				7D8DB35C26CA329A00E64A00 /* Note.swift */,
			);
			path = Model;
			sourceTree = "<group>";
		};
/* End PBXGroup section */

/* Begin PBXNativeTarget section */
		7D8DB32126CA2FE800E64A00 /* Notes */ = {
			isa = PBXNativeTarget;
			buildConfigurationList = 7D8DB34D26CA2FEC00E64A00 /* Build configuration list for PBXNativeTarget "Notes" */;
			buildPhases = (
				7D8DB32026CA2FE800E64A00 /* Resources */,
				7D8DB34C26CA2FEC00E64A00 /* Embed Watch Content */,
			);
			buildRules = (
			);
			dependencies = (
				7D8DB32926CA2FE800E64A00 /* PBXTargetDependency */,
			);
			name = Notes;
			productName = Notes;
			productReference = 7D8DB32226CA2FE800E64A00 /* Notes.app */;
			productType = "com.apple.product-type.application.watchapp2-container";
		};
		7D8DB32526CA2FE800E64A00 /* Notes WatchKit App */ = {
			isa = PBXNativeTarget;
			buildConfigurationList = 7D8DB34926CA2FEC00E64A00 /* Build configuration list for PBXNativeTarget "Notes WatchKit App" */;
			buildPhases = (
				7D8DB32426CA2FE800E64A00 /* Resources */,
				7D8DB34826CA2FEC00E64A00 /* Embed App Extensions */,
			);
			buildRules = (
			);
			dependencies = (
				7D8DB33526CA2FEC00E64A00 /* PBXTargetDependency */,
			);
			name = "Notes WatchKit App";
			productName = "Notes WatchKit App";
			productReference = 7D8DB32626CA2FE800E64A00 /* Notes WatchKit App.app */;
			productType = "com.apple.product-type.application.watchapp2";
		};
		7D8DB33126CA2FEC00E64A00 /* Notes WatchKit Extension */ = {
			isa = PBXNativeTarget;
			buildConfigurationList = 7D8DB34526CA2FEC00E64A00 /* Build configuration list for PBXNativeTarget "Notes WatchKit Extension" */;
			buildPhases = (
				7D8DB32E26CA2FEC00E64A00 /* Sources */,
				7D8DB32F26CA2FEC00E64A00 /* Frameworks */,
				7D8DB33026CA2FEC00E64A00 /* Resources */,
			);
			buildRules = (
			);
			dependencies = (
			);
			name = "Notes WatchKit Extension";
			productName = "Notes WatchKit Extension";
			productReference = 7D8DB33226CA2FEC00E64A00 /* Notes WatchKit Extension.appex */;
			productType = "com.apple.product-type.watchkit2-extension";
		};
/* End PBXNativeTarget section */

/* Begin PBXProject section */
		7D8DB31C26CA2FE800E64A00 /* Project object */ = {
			isa = PBXProject;
			attributes = {
				LastSwiftUpdateCheck = 1240;
				LastUpgradeCheck = 1240;
				TargetAttributes = {
					7D8DB32126CA2FE800E64A00 = {
						CreatedOnToolsVersion = 12.4;
					};
					7D8DB32526CA2FE800E64A00 = {
						CreatedOnToolsVersion = 12.4;
					};
					7D8DB33126CA2FEC00E64A00 = {
						CreatedOnToolsVersion = 12.4;
					};
				};
			};
			buildConfigurationList = 7D8DB31F26CA2FE800E64A00 /* Build configuration list for PBXProject "Notes" */;
			compatibilityVersion = "Xcode 9.3";
			developmentRegion = en;
			hasScannedForEncodings = 0;
			knownRegions = (
				en,
				Base,
			);
			mainGroup = 7D8DB31B26CA2FE800E64A00;
			productRefGroup = 7D8DB32326CA2FE800E64A00 /* Products */;
			projectDirPath = "";
			projectRoot = "";
			targets = (
				7D8DB32126CA2FE800E64A00 /* Notes */,
				7D8DB32526CA2FE800E64A00 /* Notes WatchKit App */,
				7D8DB33126CA2FEC00E64A00 /* Notes WatchKit Extension */,
			);
		};
/* End PBXProject section */

/* Begin PBXResourcesBuildPhase section */
		7D8DB32026CA2FE800E64A00 /* Resources */ = {
			isa = PBXResourcesBuildPhase;
			buildActionMask = 2147483647;
			files = (
			);
			runOnlyForDeploymentPostprocessing = 0;
		};
		7D8DB32426CA2FE800E64A00 /* Resources */ = {
			isa = PBXResourcesBuildPhase;
			buildActionMask = 2147483647;
			files = (
				7D8DB32C26CA2FEB00E64A00 /* Assets.xcassets in Resources */,
			);
			runOnlyForDeploymentPostprocessing = 0;
		};
		7D8DB33026CA2FEC00E64A00 /* Resources */ = {
			isa = PBXResourcesBuildPhase;
			buildActionMask = 2147483647;
			files = (
				7D8DB34126CA2FEC00E64A00 /* Preview Assets.xcassets in Resources */,
				7D8DB33E26CA2FEC00E64A00 /* Assets.xcassets in Resources */,
			);
			runOnlyForDeploymentPostprocessing = 0;
		};
/* End PBXResourcesBuildPhase section */

/* Begin PBXSourcesBuildPhase section */
		7D8DB32E26CA2FEC00E64A00 /* Sources */ = {
			isa = PBXSourcesBuildPhase;
			buildActionMask = 2147483647;
			files = (
				7D8DB33826CA2FEC00E64A00 /* ContentView.swift in Sources */,
				7D8DB33A26CA2FEC00E64A00 /* NotesApp.swift in Sources */,
				7D8DB33C26CA2FEC00E64A00 /* ComplicationController.swift in Sources */,
				7D8DB35D26CA329A00E64A00 /* Note.swift in Sources */,
			);
			runOnlyForDeploymentPostprocessing = 0;
		};
/* End PBXSourcesBuildPhase section */

/* Begin PBXTargetDependency section */
		7D8DB32926CA2FE800E64A00 /* PBXTargetDependency */ = {
			isa = PBXTargetDependency;
			target = 7D8DB32526CA2FE800E64A00 /* Notes WatchKit App */;
			targetProxy = 7D8DB32826CA2FE800E64A00 /* PBXContainerItemProxy */;
		};
		7D8DB33526CA2FEC00E64A00 /* PBXTargetDependency */ = {
			isa = PBXTargetDependency;
			target = 7D8DB33126CA2FEC00E64A00 /* Notes WatchKit Extension */;
			targetProxy = 7D8DB33426CA2FEC00E64A00 /* PBXContainerItemProxy */;
		};
/* End PBXTargetDependency section */

/* Begin XCBuildConfiguration section */
		7D8DB34326CA2FEC00E64A00 /* Debug */ = {
			isa = XCBuildConfiguration;
			buildSettings = {
				ALWAYS_SEARCH_USER_PATHS = NO;
				CLANG_ANALYZER_NONNULL = YES;
				CLANG_ANALYZER_NUMBER_OBJECT_CONVERSION = YES_AGGRESSIVE;
				CLANG_CXX_LANGUAGE_STANDARD = "gnu++14";
				CLANG_CXX_LIBRARY = "libc++";
				CLANG_ENABLE_MODULES = YES;
				CLANG_ENABLE_OBJC_ARC = YES;
				CLANG_ENABLE_OBJC_WEAK = YES;
				CLANG_WARN_BLOCK_CAPTURE_AUTORELEASING = YES;
				CLANG_WARN_BOOL_CONVERSION = YES;
				CLANG_WARN_COMMA = YES;
				CLANG_WARN_CONSTANT_CONVERSION = YES;
				CLANG_WARN_DEPRECATED_OBJC_IMPLEMENTATIONS = YES;
				CLANG_WARN_DIRECT_OBJC_ISA_USAGE = YES_ERROR;
				CLANG_WARN_DOCUMENTATION_COMMENTS = YES;
				CLANG_WARN_EMPTY_BODY = YES;
				CLANG_WARN_ENUM_CONVERSION = YES;
				CLANG_WARN_INFINITE_RECURSION = YES;
				CLANG_WARN_INT_CONVERSION = YES;
				CLANG_WARN_NON_LITERAL_NULL_CONVERSION = YES;
				CLANG_WARN_OBJC_IMPLICIT_RETAIN_SELF = YES;
				CLANG_WARN_OBJC_LITERAL_CONVERSION = YES;
				CLANG_WARN_OBJC_ROOT_CLASS = YES_ERROR;
				CLANG_WARN_QUOTED_INCLUDE_IN_FRAMEWORK_HEADER = YES;
				CLANG_WARN_RANGE_LOOP_ANALYSIS = YES;
				CLANG_WARN_STRICT_PROTOTYPES = YES;
				CLANG_WARN_SUSPICIOUS_MOVE = YES;
				CLANG_WARN_UNGUARDED_AVAILABILITY = YES_AGGRESSIVE;
				CLANG_WARN_UNREACHABLE_CODE = YES;
				CLANG_WARN__DUPLICATE_METHOD_MATCH = YES;
				COPY_PHASE_STRIP = NO;
				DEBUG_INFORMATION_FORMAT = dwarf;
				ENABLE_STRICT_OBJC_MSGSEND = YES;
				ENABLE_TESTABILITY = YES;
				GCC_C_LANGUAGE_STANDARD = gnu11;
				GCC_DYNAMIC_NO_PIC = NO;
				GCC_NO_COMMON_BLOCKS = YES;
				GCC_OPTIMIZATION_LEVEL = 0;
				GCC_PREPROCESSOR_DEFINITIONS = (
					"DEBUG=1",
					"$(inherited)",
				);
				GCC_WARN_64_TO_32_BIT_CONVERSION = YES;
				GCC_WARN_ABOUT_RETURN_TYPE = YES_ERROR;
				GCC_WARN_UNDECLARED_SELECTOR = YES;
				GCC_WARN_UNINITIALIZED_AUTOS = YES_AGGRESSIVE;
				GCC_WARN_UNUSED_FUNCTION = YES;
				GCC_WARN_UNUSED_VARIABLE = YES;
				MTL_ENABLE_DEBUG_INFO = INCLUDE_SOURCE;
				MTL_FAST_MATH = YES;
				ONLY_ACTIVE_ARCH = YES;
				SDKROOT = iphoneos;
				SWIFT_ACTIVE_COMPILATION_CONDITIONS = DEBUG;
				SWIFT_OPTIMIZATION_LEVEL = "-Onone";
			};
			name = Debug;
		};
		7D8DB34426CA2FEC00E64A00 /* Release */ = {
			isa = XCBuildConfiguration;
			buildSettings = {
				ALWAYS_SEARCH_USER_PATHS = NO;
				CLANG_ANALYZER_NONNULL = YES;
				CLANG_ANALYZER_NUMBER_OBJECT_CONVERSION = YES_AGGRESSIVE;
				CLANG_CXX_LANGUAGE_STANDARD = "gnu++14";
				CLANG_CXX_LIBRARY = "libc++";
				CLANG_ENABLE_MODULES = YES;
				CLANG_ENABLE_OBJC_ARC = YES;
				CLANG_ENABLE_OBJC_WEAK = YES;
				CLANG_WARN_BLOCK_CAPTURE_AUTORELEASING = YES;
				CLANG_WARN_BOOL_CONVERSION = YES;
				CLANG_WARN_COMMA = YES;
				CLANG_WARN_CONSTANT_CONVERSION = YES;
				CLANG_WARN_DEPRECATED_OBJC_IMPLEMENTATIONS = YES;
				CLANG_WARN_DIRECT_OBJC_ISA_USAGE = YES_ERROR;
				CLANG_WARN_DOCUMENTATION_COMMENTS = YES;
				CLANG_WARN_EMPTY_BODY = YES;
				CLANG_WARN_ENUM_CONVERSION = YES;
				CLANG_WARN_INFINITE_RECURSION = YES;
				CLANG_WARN_INT_CONVERSION = YES;
				CLANG_WARN_NON_LITERAL_NULL_CONVERSION = YES;
				CLANG_WARN_OBJC_IMPLICIT_RETAIN_SELF = YES;
				CLANG_WARN_OBJC_LITERAL_CONVERSION = YES;
				CLANG_WARN_OBJC_ROOT_CLASS = YES_ERROR;
				CLANG_WARN_QUOTED_INCLUDE_IN_FRAMEWORK_HEADER = YES;
				CLANG_WARN_RANGE_LOOP_ANALYSIS = YES;
				CLANG_WARN_STRICT_PROTOTYPES = YES;
				CLANG_WARN_SUSPICIOUS_MOVE = YES;
				CLANG_WARN_UNGUARDED_AVAILABILITY = YES_AGGRESSIVE;
				CLANG_WARN_UNREACHABLE_CODE = YES;
				CLANG_WARN__DUPLICATE_METHOD_MATCH = YES;
				COPY_PHASE_STRIP = NO;
				DEBUG_INFORMATION_FORMAT = "dwarf-with-dsym";
				ENABLE_NS_ASSERTIONS = NO;
				ENABLE_STRICT_OBJC_MSGSEND = YES;
				GCC_C_LANGUAGE_STANDARD = gnu11;
				GCC_NO_COMMON_BLOCKS = YES;
				GCC_WARN_64_TO_32_BIT_CONVERSION = YES;
				GCC_WARN_ABOUT_RETURN_TYPE = YES_ERROR;
				GCC_WARN_UNDECLARED_SELECTOR = YES;
				GCC_WARN_UNINITIALIZED_AUTOS = YES_AGGRESSIVE;
				GCC_WARN_UNUSED_FUNCTION = YES;
				GCC_WARN_UNUSED_VARIABLE = YES;
				MTL_ENABLE_DEBUG_INFO = NO;
				MTL_FAST_MATH = YES;
				SDKROOT = iphoneos;
				SWIFT_COMPILATION_MODE = wholemodule;
				SWIFT_OPTIMIZATION_LEVEL = "-O";
				VALIDATE_PRODUCT = YES;
			};
			name = Release;
		};
		7D8DB34626CA2FEC00E64A00 /* Debug */ = {
			isa = XCBuildConfiguration;
			buildSettings = {
				ASSETCATALOG_COMPILER_COMPLICATION_NAME = Complication;
				CODE_SIGN_STYLE = Automatic;
				DEVELOPMENT_ASSET_PATHS = "\"Notes WatchKit Extension/Preview Content\"";
				DEVELOPMENT_TEAM = 476W3V97E8;
				ENABLE_PREVIEWS = YES;
				INFOPLIST_FILE = "Notes WatchKit Extension/Info.plist";
				LD_RUNPATH_SEARCH_PATHS = (
					"$(inherited)",
					"@executable_path/Frameworks",
					"@executable_path/../../Frameworks",
				);
				PRODUCT_BUNDLE_IDENTIFIER = sideproject.Notes.watchkitapp.watchkitextension;
				PRODUCT_NAME = "${TARGET_NAME}";
				SDKROOT = watchos;
				SKIP_INSTALL = YES;
				SWIFT_VERSION = 5.0;
				TARGETED_DEVICE_FAMILY = 4;
				WATCHOS_DEPLOYMENT_TARGET = 7.2;
			};
			name = Debug;
		};
		7D8DB34726CA2FEC00E64A00 /* Release */ = {
			isa = XCBuildConfiguration;
			buildSettings = {
				ASSETCATALOG_COMPILER_COMPLICATION_NAME = Complication;
				CODE_SIGN_STYLE = Automatic;
				DEVELOPMENT_ASSET_PATHS = "\"Notes WatchKit Extension/Preview Content\"";
				DEVELOPMENT_TEAM = 476W3V97E8;
				ENABLE_PREVIEWS = YES;
				INFOPLIST_FILE = "Notes WatchKit Extension/Info.plist";
				LD_RUNPATH_SEARCH_PATHS = (
					"$(inherited)",
					"@executable_path/Frameworks",
					"@executable_path/../../Frameworks",
				);
				PRODUCT_BUNDLE_IDENTIFIER = sideproject.Notes.watchkitapp.watchkitextension;
				PRODUCT_NAME = "${TARGET_NAME}";
				SDKROOT = watchos;
				SKIP_INSTALL = YES;
				SWIFT_VERSION = 5.0;
				TARGETED_DEVICE_FAMILY = 4;
				WATCHOS_DEPLOYMENT_TARGET = 7.2;
			};
			name = Release;
		};
		7D8DB34A26CA2FEC00E64A00 /* Debug */ = {
			isa = XCBuildConfiguration;
			buildSettings = {
				ALWAYS_EMBED_SWIFT_STANDARD_LIBRARIES = YES;
				ASSETCATALOG_COMPILER_APPICON_NAME = AppIcon;
				ASSETCATALOG_COMPILER_GLOBAL_ACCENT_COLOR_NAME = AccentColor;
				CODE_SIGN_STYLE = Automatic;
				DEVELOPMENT_TEAM = 476W3V97E8;
				IBSC_MODULE = Notes_WatchKit_Extension;
				INFOPLIST_FILE = "Notes WatchKit App/Info.plist";
				PRODUCT_BUNDLE_IDENTIFIER = sideproject.Notes.watchkitapp;
				PRODUCT_NAME = "$(TARGET_NAME)";
				SDKROOT = watchos;
				SKIP_INSTALL = YES;
				SWIFT_VERSION = 5.0;
				TARGETED_DEVICE_FAMILY = 4;
				WATCHOS_DEPLOYMENT_TARGET = 7.2;
			};
			name = Debug;
		};
		7D8DB34B26CA2FEC00E64A00 /* Release */ = {
			isa = XCBuildConfiguration;
			buildSettings = {
				ALWAYS_EMBED_SWIFT_STANDARD_LIBRARIES = YES;
				ASSETCATALOG_COMPILER_APPICON_NAME = AppIcon;
				ASSETCATALOG_COMPILER_GLOBAL_ACCENT_COLOR_NAME = AccentColor;
				CODE_SIGN_STYLE = Automatic;
				DEVELOPMENT_TEAM = 476W3V97E8;
				IBSC_MODULE = Notes_WatchKit_Extension;
				INFOPLIST_FILE = "Notes WatchKit App/Info.plist";
				PRODUCT_BUNDLE_IDENTIFIER = sideproject.Notes.watchkitapp;
				PRODUCT_NAME = "$(TARGET_NAME)";
				SDKROOT = watchos;
				SKIP_INSTALL = YES;
				SWIFT_VERSION = 5.0;
				TARGETED_DEVICE_FAMILY = 4;
				WATCHOS_DEPLOYMENT_TARGET = 7.2;
			};
			name = Release;
		};
		7D8DB34E26CA2FEC00E64A00 /* Debug */ = {
			isa = XCBuildConfiguration;
			buildSettings = {
				CODE_SIGN_STYLE = Automatic;
				CURRENT_PROJECT_VERSION = 1;
				DEVELOPMENT_TEAM = 476W3V97E8;
				MARKETING_VERSION = 1.0;
				PRODUCT_BUNDLE_IDENTIFIER = sideproject.Notes;
				PRODUCT_NAME = "$(TARGET_NAME)";
				SWIFT_VERSION = 5.0;
			};
			name = Debug;
		};
		7D8DB34F26CA2FEC00E64A00 /* Release */ = {
			isa = XCBuildConfiguration;
			buildSettings = {
				CODE_SIGN_STYLE = Automatic;
				CURRENT_PROJECT_VERSION = 1;
				DEVELOPMENT_TEAM = 476W3V97E8;
				MARKETING_VERSION = 1.0;
				PRODUCT_BUNDLE_IDENTIFIER = sideproject.Notes;
				PRODUCT_NAME = "$(TARGET_NAME)";
				SWIFT_VERSION = 5.0;
			};
			name = Release;
		};
/* End XCBuildConfiguration section */

/* Begin XCConfigurationList section */
		7D8DB31F26CA2FE800E64A00 /* Build configuration list for PBXProject "Notes" */ = {
			isa = XCConfigurationList;
			buildConfigurations = (
				7D8DB34326CA2FEC00E64A00 /* Debug */,
				7D8DB34426CA2FEC00E64A00 /* Release */,
			);
			defaultConfigurationIsVisible = 0;
			defaultConfigurationName = Release;
		};
		7D8DB34526CA2FEC00E64A00 /* Build configuration list for PBXNativeTarget "Notes WatchKit Extension" */ = {
			isa = XCConfigurationList;
			buildConfigurations = (
				7D8DB34626CA2FEC00E64A00 /* Debug */,
				7D8DB34726CA2FEC00E64A00 /* Release */,
			);
			defaultConfigurationIsVisible = 0;
			defaultConfigurationName = Release;
		};
		7D8DB34926CA2FEC00E64A00 /* Build configuration list for PBXNativeTarget "Notes WatchKit App" */ = {
			isa = XCConfigurationList;
			buildConfigurations = (
				7D8DB34A26CA2FEC00E64A00 /* Debug */,
				7D8DB34B26CA2FEC00E64A00 /* Release */,
			);
			defaultConfigurationIsVisible = 0;
			defaultConfigurationName = Release;
		};
		7D8DB34D26CA2FEC00E64A00 /* Build configuration list for PBXNativeTarget "Notes" */ = {
			isa = XCConfigurationList;
			buildConfigurations = (
				7D8DB34E26CA2FEC00E64A00 /* Debug */,
				7D8DB34F26CA2FEC00E64A00 /* Release */,
			);
			defaultConfigurationIsVisible = 0;
			defaultConfigurationName = Release;
		};
/* End XCConfigurationList section */
	};
	rootObject = 7D8DB31C26CA2FE800E64A00 /* Project object */;
}
